
Microsoft Visual Studio Solution File, Format Version 12.00
# Visual Studio 15
VisualStudioVersion = 15.0.28010.2036
MinimumVisualStudioVersion = 10.0.40219.1
Project("{8BC9CEB8-8B4A-11D0-8D11-00A0C91BC942}") = "OdbMySQLPatient", "OdbMySQLPatient\OdbMySQLPatient.vcxproj", "{3A107BF5-9D8C-41D2-A4B3-5559733CD8CB}"
EndProject
Project("{8BC9CEB8-8B4A-11D0-8D11-00A0C91BC942}") = "SharedPtr", "SharedPtr\SharedPtr.vcxproj", "{C1119BE9-1DB9-443B-8812-5693F1AB4DAA}"
EndProject
Global
	GlobalSection(SolutionConfigurationPlatforms) = preSolution
		Debug|x64 = Debug|x64
		Debug|x86 = Debug|x86
		Release|x64 = Release|x64
		Release|x86 = Release|x86
	EndGlobalSection
	GlobalSection(ProjectConfigurationPlatforms) = postSolution
		{3A107BF5-9D8C-41D2-A4B3-5559733CD8CB}.Debug|x64.ActiveCfg = Debug|x64
		{3A107BF5-9D8C-41D2-A4B3-5559733CD8CB}.Debug|x64.Build.0 = Debug|x64
		{3A107BF5-9D8C-41D2-A4B3-5559733CD8CB}.Debug|x86.ActiveCfg = Debug|Win32
		{3A107BF5-9D8C-41D2-A4B3-5559733CD8CB}.Debug|x86.Build.0 = Debug|Win32
		{3A107BF5-9D8C-41D2-A4B3-5559733CD8CB}.Release|x64.ActiveCfg = Release|x64
		{3A107BF5-9D8C-41D2-A4B3-5559733CD8CB}.Release|x64.Build.0 = Release|x64
		{3A107BF5-9D8C-41D2-A4B3-5559733CD8CB}.Release|x86.ActiveCfg = Release|Win32
		{3A107BF5-9D8C-41D2-A4B3-5559733CD8CB}.Release|x86.Build.0 = Release|Win32
		{C1119BE9-1DB9-443B-8812-5693F1AB4DAA}.Debug|x64.ActiveCfg = Debug|x64
		{C1119BE9-1DB9-443B-8812-5693F1AB4DAA}.Debug|x64.Build.0 = Debug|x64
		{C1119BE9-1DB9-443B-8812-5693F1AB4DAA}.Debug|x86.ActiveCfg = Debug|Win32
		{C1119BE9-1DB9-443B-8812-5693F1AB4DAA}.Debug|x86.Build.0 = Debug|Win32
		{C1119BE9-1DB9-443B-8812-5693F1AB4DAA}.Release|x64.ActiveCfg = Release|x64
		{C1119BE9-1DB9-443B-8812-5693F1AB4DAA}.Release|x64.Build.0 = Release|x64
		{C1119BE9-1DB9-443B-8812-5693F1AB4DAA}.Release|x86.ActiveCfg = Release|Win32
		{C1119BE9-1DB9-443B-8812-5693F1AB4DAA}.Release|x86.Build.0 = Release|Win32
	EndGlobalSection
	GlobalSection(SolutionProperties) = preSolution
		HideSolutionNode = FALSE
	EndGlobalSection
	GlobalSection(ExtensibilityGlobals) = postSolution
		SolutionGuid = {C35B8A00-F6C0-4F34-AAA2-ACE19489B4E9}
	EndGlobalSection
EndGlobal
